
Microsoft Visual Studio Solution File, Format Version 12.00
# Visual Studio Version 16
VisualStudioVersion = 16.0.30011.22
MinimumVisualStudioVersion = 10.0.40219.1
Project("{9A19103F-16F7-4668-BE54-9A1E7A4F7556}") = "Nhom2.Ecom.WebApi", "Nhom2.Ecom.WebApi\Nhom2.Ecom.WebApi.csproj", "{2F418B51-6F43-4C02-82D4-E8C810A861DC}"
EndProject
Project("{FAE04EC0-301F-11D3-BF4B-00C04F79EFBC}") = "Nhom2.Ecom.Data", "Nhom2.Ecom.Data\Nhom2.Ecom.Data.csproj", "{48BB1FDB-F774-410E-A10E-A613ABDB8898}"
EndProject
Global
	GlobalSection(SolutionConfigurationPlatforms) = preSolution
		Debug|Any CPU = Debug|Any CPU
		Release|Any CPU = Release|Any CPU
	EndGlobalSection
	GlobalSection(ProjectConfigurationPlatforms) = postSolution
		{2F418B51-6F43-4C02-82D4-E8C810A861DC}.Debug|Any CPU.ActiveCfg = Debug|Any CPU
		{2F418B51-6F43-4C02-82D4-E8C810A861DC}.Debug|Any CPU.Build.0 = Debug|Any CPU
		{2F418B51-6F43-4C02-82D4-E8C810A861DC}.Release|Any CPU.ActiveCfg = Release|Any CPU
		{2F418B51-6F43-4C02-82D4-E8C810A861DC}.Release|Any CPU.Build.0 = Release|Any CPU
		{48BB1FDB-F774-410E-A10E-A613ABDB8898}.Debug|Any CPU.ActiveCfg = Debug|Any CPU
		{48BB1FDB-F774-410E-A10E-A613ABDB8898}.Debug|Any CPU.Build.0 = Debug|Any CPU
		{48BB1FDB-F774-410E-A10E-A613ABDB8898}.Release|Any CPU.ActiveCfg = Release|Any CPU
		{48BB1FDB-F774-410E-A10E-A613ABDB8898}.Release|Any CPU.Build.0 = Release|Any CPU
	EndGlobalSection
	GlobalSection(SolutionProperties) = preSolution
		HideSolutionNode = FALSE
	EndGlobalSection
	GlobalSection(ExtensibilityGlobals) = postSolution
		SolutionGuid = {697C2F95-C04F-42BE-A498-8322F8934C3A}
	EndGlobalSection
EndGlobal
